
Microsoft Visual Studio Solution File, Format Version 12.00
# Visual Studio Version 17
VisualStudioVersion = 17.5.002.0
MinimumVisualStudioVersion = 10.0.40219.1
Project("{2150E333-8FDC-42A3-9474-1A3956D46DE8}") = "week01", "week01", "{359C2A93-38E8-431A-BB1C-0C68902EFF23}"
EndProject
Project("{9A19103F-16F7-4668-BE54-9A1E7A4F7556}") = "code", "week01\code\code.csproj", "{5E3DA14C-0FAC-42F6-ADC9-C4C2831EF6B0}"
EndProject
Project("{9A19103F-16F7-4668-BE54-9A1E7A4F7556}") = "analyze", "week01\analyze\analyze.csproj", "{1585AC14-B452-4021-9474-2C448A437C08}"
EndProject
Project("{9A19103F-16F7-4668-BE54-9A1E7A4F7556}") = "teach", "week01\teach\teach.csproj", "{CE51C95A-B135-4A95-9182-AEC8B88E6EBD}"
EndProject
Project("{2150E333-8FDC-42A3-9474-1A3956D46DE8}") = "week06", "week06", "{CAC10A1E-36AE-416D-9593-754D8BA9B6BB}"
EndProject
Project("{9A19103F-16F7-4668-BE54-9A1E7A4F7556}") = "code", "week06\code\code.csproj", "{4E8891FF-49D7-4C66-B59E-6832C1274573}"
EndProject
Project("{2150E333-8FDC-42A3-9474-1A3956D46DE8}") = "sandbox", "sandbox", "{C3426188-9BE3-4B16-A37D-096FF796CF19}"
EndProject
Project("{9A19103F-16F7-4668-BE54-9A1E7A4F7556}") = "sandbox_project", "sandbox\sandbox_project\sandbox_project.csproj", "{B01C32AD-4FE3-4B83-8D29-E6D30583546A}"
EndProject
Project("{2150E333-8FDC-42A3-9474-1A3956D46DE8}") = "week05", "week05", "{1CF7139B-3B91-4E36-A77B-AF65D8F7C2A4}"
EndProject
Project("{9A19103F-16F7-4668-BE54-9A1E7A4F7556}") = "code", "week05\code\code.csproj", "{6A9BFCDA-DF27-4C75-AFE2-D4F882532B4A}"
EndProject
Project("{2150E333-8FDC-42A3-9474-1A3956D46DE8}") = "week02", "week02", "{2839B8C9-9838-4523-BF68-3B858756ECE2}"
EndProject
Project("{9A19103F-16F7-4668-BE54-9A1E7A4F7556}") = "learn", "week02\learn\learn.csproj", "{89F9750A-A4A6-43DF-87D5-C397D08B6835}"
EndProject
Project("{9A19103F-16F7-4668-BE54-9A1E7A4F7556}") = "code", "week02\code\code.csproj", "{D3087B98-C76A-4859-935A-7530F8ED2E79}"
EndProject
Project("{9A19103F-16F7-4668-BE54-9A1E7A4F7556}") = "analyze", "week02\analyze\analyze.csproj", "{14255A6C-B3B3-46EC-997A-0971DB73DEC1}"
EndProject
Project("{9A19103F-16F7-4668-BE54-9A1E7A4F7556}") = "teach", "week02\teach\teach.csproj", "{440C9D51-CBA2-450C-A25F-71D1ECF34873}"
EndProject
Project("{2150E333-8FDC-42A3-9474-1A3956D46DE8}") = "week03", "week03", "{BE98A145-CB88-496B-A786-5B74B035401B}"
EndProject
Project("{9A19103F-16F7-4668-BE54-9A1E7A4F7556}") = "learn", "week03\learn\learn.csproj", "{2057B7FE-B7BC-4947-9396-1C04DFFCACC1}"
EndProject
Project("{9A19103F-16F7-4668-BE54-9A1E7A4F7556}") = "code", "week03\code\code.csproj", "{6BF538E3-3F6B-4745-963F-72CAB295FAB8}"
EndProject
Project("{9A19103F-16F7-4668-BE54-9A1E7A4F7556}") = "teach", "week03\teach\teach.csproj", "{A24B0B13-18E4-4666-AAB4-D1581E443751}"
EndProject
Project("{2150E333-8FDC-42A3-9474-1A3956D46DE8}") = "week04", "week04", "{3CA78B55-9280-44D4-900E-16E0CF8578E2}"
EndProject
Project("{9A19103F-16F7-4668-BE54-9A1E7A4F7556}") = "code", "week04\code\code.csproj", "{C7AC9C98-DE50-4C0F-8F1F-2FBC3FA8813B}"
EndProject
Global
	GlobalSection(SolutionConfigurationPlatforms) = preSolution
		Debug|Any CPU = Debug|Any CPU
		Release|Any CPU = Release|Any CPU
	EndGlobalSection
	GlobalSection(ProjectConfigurationPlatforms) = postSolution
		{5E3DA14C-0FAC-42F6-ADC9-C4C2831EF6B0}.Debug|Any CPU.ActiveCfg = Debug|Any CPU
		{5E3DA14C-0FAC-42F6-ADC9-C4C2831EF6B0}.Debug|Any CPU.Build.0 = Debug|Any CPU
		{5E3DA14C-0FAC-42F6-ADC9-C4C2831EF6B0}.Release|Any CPU.ActiveCfg = Release|Any CPU
		{5E3DA14C-0FAC-42F6-ADC9-C4C2831EF6B0}.Release|Any CPU.Build.0 = Release|Any CPU
		{1585AC14-B452-4021-9474-2C448A437C08}.Debug|Any CPU.ActiveCfg = Debug|Any CPU
		{1585AC14-B452-4021-9474-2C448A437C08}.Debug|Any CPU.Build.0 = Debug|Any CPU
		{1585AC14-B452-4021-9474-2C448A437C08}.Release|Any CPU.ActiveCfg = Release|Any CPU
		{1585AC14-B452-4021-9474-2C448A437C08}.Release|Any CPU.Build.0 = Release|Any CPU
		{CE51C95A-B135-4A95-9182-AEC8B88E6EBD}.Debug|Any CPU.ActiveCfg = Debug|Any CPU
		{CE51C95A-B135-4A95-9182-AEC8B88E6EBD}.Debug|Any CPU.Build.0 = Debug|Any CPU
		{CE51C95A-B135-4A95-9182-AEC8B88E6EBD}.Release|Any CPU.ActiveCfg = Release|Any CPU
		{CE51C95A-B135-4A95-9182-AEC8B88E6EBD}.Release|Any CPU.Build.0 = Release|Any CPU
		{4E8891FF-49D7-4C66-B59E-6832C1274573}.Debug|Any CPU.ActiveCfg = Debug|Any CPU
		{4E8891FF-49D7-4C66-B59E-6832C1274573}.Debug|Any CPU.Build.0 = Debug|Any CPU
		{4E8891FF-49D7-4C66-B59E-6832C1274573}.Release|Any CPU.ActiveCfg = Release|Any CPU
		{4E8891FF-49D7-4C66-B59E-6832C1274573}.Release|Any CPU.Build.0 = Release|Any CPU
		{B01C32AD-4FE3-4B83-8D29-E6D30583546A}.Debug|Any CPU.ActiveCfg = Debug|Any CPU
		{B01C32AD-4FE3-4B83-8D29-E6D30583546A}.Debug|Any CPU.Build.0 = Debug|Any CPU
		{B01C32AD-4FE3-4B83-8D29-E6D30583546A}.Release|Any CPU.ActiveCfg = Release|Any CPU
		{B01C32AD-4FE3-4B83-8D29-E6D30583546A}.Release|Any CPU.Build.0 = Release|Any CPU
		{6A9BFCDA-DF27-4C75-AFE2-D4F882532B4A}.Debug|Any CPU.ActiveCfg = Debug|Any CPU
		{6A9BFCDA-DF27-4C75-AFE2-D4F882532B4A}.Debug|Any CPU.Build.0 = Debug|Any CPU
		{6A9BFCDA-DF27-4C75-AFE2-D4F882532B4A}.Release|Any CPU.ActiveCfg = Release|Any CPU
		{6A9BFCDA-DF27-4C75-AFE2-D4F882532B4A}.Release|Any CPU.Build.0 = Release|Any CPU
		{89F9750A-A4A6-43DF-87D5-C397D08B6835}.Debug|Any CPU.ActiveCfg = Debug|Any CPU
		{89F9750A-A4A6-43DF-87D5-C397D08B6835}.Debug|Any CPU.Build.0 = Debug|Any CPU
		{89F9750A-A4A6-43DF-87D5-C397D08B6835}.Release|Any CPU.ActiveCfg = Release|Any CPU
		{89F9750A-A4A6-43DF-87D5-C397D08B6835}.Release|Any CPU.Build.0 = Release|Any CPU
		{D3087B98-C76A-4859-935A-7530F8ED2E79}.Debug|Any CPU.ActiveCfg = Debug|Any CPU
		{D3087B98-C76A-4859-935A-7530F8ED2E79}.Debug|Any CPU.Build.0 = Debug|Any CPU
		{D3087B98-C76A-4859-935A-7530F8ED2E79}.Release|Any CPU.ActiveCfg = Release|Any CPU
		{D3087B98-C76A-4859-935A-7530F8ED2E79}.Release|Any CPU.Build.0 = Release|Any CPU
		{14255A6C-B3B3-46EC-997A-0971DB73DEC1}.Debug|Any CPU.ActiveCfg = Debug|Any CPU
		{14255A6C-B3B3-46EC-997A-0971DB73DEC1}.Debug|Any CPU.Build.0 = Debug|Any CPU
		{14255A6C-B3B3-46EC-997A-0971DB73DEC1}.Release|Any CPU.ActiveCfg = Release|Any CPU
		{14255A6C-B3B3-46EC-997A-0971DB73DEC1}.Release|Any CPU.Build.0 = Release|Any CPU
		{440C9D51-CBA2-450C-A25F-71D1ECF34873}.Debug|Any CPU.ActiveCfg = Debug|Any CPU
		{440C9D51-CBA2-450C-A25F-71D1ECF34873}.Debug|Any CPU.Build.0 = Debug|Any CPU
		{440C9D51-CBA2-450C-A25F-71D1ECF34873}.Release|Any CPU.ActiveCfg = Release|Any CPU
		{440C9D51-CBA2-450C-A25F-71D1ECF34873}.Release|Any CPU.Build.0 = Release|Any CPU
		{2057B7FE-B7BC-4947-9396-1C04DFFCACC1}.Debug|Any CPU.ActiveCfg = Debug|Any CPU
		{2057B7FE-B7BC-4947-9396-1C04DFFCACC1}.Debug|Any CPU.Build.0 = Debug|Any CPU
		{2057B7FE-B7BC-4947-9396-1C04DFFCACC1}.Release|Any CPU.ActiveCfg = Release|Any CPU
		{2057B7FE-B7BC-4947-9396-1C04DFFCACC1}.Release|Any CPU.Build.0 = Release|Any CPU
		{6BF538E3-3F6B-4745-963F-72CAB295FAB8}.Debug|Any CPU.ActiveCfg = Debug|Any CPU
		{6BF538E3-3F6B-4745-963F-72CAB295FAB8}.Debug|Any CPU.Build.0 = Debug|Any CPU
		{6BF538E3-3F6B-4745-963F-72CAB295FAB8}.Release|Any CPU.ActiveCfg = Release|Any CPU
		{6BF538E3-3F6B-4745-963F-72CAB295FAB8}.Release|Any CPU.Build.0 = Release|Any CPU
		{A24B0B13-18E4-4666-AAB4-D1581E443751}.Debug|Any CPU.ActiveCfg = Debug|Any CPU
		{A24B0B13-18E4-4666-AAB4-D1581E443751}.Debug|Any CPU.Build.0 = Debug|Any CPU
		{A24B0B13-18E4-4666-AAB4-D1581E443751}.Release|Any CPU.ActiveCfg = Release|Any CPU
		{A24B0B13-18E4-4666-AAB4-D1581E443751}.Release|Any CPU.Build.0 = Release|Any CPU
		{C7AC9C98-DE50-4C0F-8F1F-2FBC3FA8813B}.Debug|Any CPU.ActiveCfg = Debug|Any CPU
		{C7AC9C98-DE50-4C0F-8F1F-2FBC3FA8813B}.Debug|Any CPU.Build.0 = Debug|Any CPU
		{C7AC9C98-DE50-4C0F-8F1F-2FBC3FA8813B}.Release|Any CPU.ActiveCfg = Release|Any CPU
		{C7AC9C98-DE50-4C0F-8F1F-2FBC3FA8813B}.Release|Any CPU.Build.0 = Release|Any CPU
	EndGlobalSection
	GlobalSection(SolutionProperties) = preSolution
		HideSolutionNode = FALSE
	EndGlobalSection
	GlobalSection(NestedProjects) = preSolution
		{5E3DA14C-0FAC-42F6-ADC9-C4C2831EF6B0} = {359C2A93-38E8-431A-BB1C-0C68902EFF23}
		{1585AC14-B452-4021-9474-2C448A437C08} = {359C2A93-38E8-431A-BB1C-0C68902EFF23}
		{CE51C95A-B135-4A95-9182-AEC8B88E6EBD} = {359C2A93-38E8-431A-BB1C-0C68902EFF23}
		{4E8891FF-49D7-4C66-B59E-6832C1274573} = {CAC10A1E-36AE-416D-9593-754D8BA9B6BB}
		{B01C32AD-4FE3-4B83-8D29-E6D30583546A} = {C3426188-9BE3-4B16-A37D-096FF796CF19}
		{6A9BFCDA-DF27-4C75-AFE2-D4F882532B4A} = {1CF7139B-3B91-4E36-A77B-AF65D8F7C2A4}
		{89F9750A-A4A6-43DF-87D5-C397D08B6835} = {2839B8C9-9838-4523-BF68-3B858756ECE2}
		{D3087B98-C76A-4859-935A-7530F8ED2E79} = {2839B8C9-9838-4523-BF68-3B858756ECE2}
		{14255A6C-B3B3-46EC-997A-0971DB73DEC1} = {2839B8C9-9838-4523-BF68-3B858756ECE2}
		{440C9D51-CBA2-450C-A25F-71D1ECF34873} = {2839B8C9-9838-4523-BF68-3B858756ECE2}
		{2057B7FE-B7BC-4947-9396-1C04DFFCACC1} = {BE98A145-CB88-496B-A786-5B74B035401B}
		{6BF538E3-3F6B-4745-963F-72CAB295FAB8} = {BE98A145-CB88-496B-A786-5B74B035401B}
		{A24B0B13-18E4-4666-AAB4-D1581E443751} = {BE98A145-CB88-496B-A786-5B74B035401B}
		{C7AC9C98-DE50-4C0F-8F1F-2FBC3FA8813B} = {3CA78B55-9280-44D4-900E-16E0CF8578E2}
	EndGlobalSection
	GlobalSection(ExtensibilityGlobals) = postSolution
		SolutionGuid = {2AFCAE72-AF97-479A-8900-0DC5D9F7FF9E}
	EndGlobalSection
EndGlobal
